
Microsoft Visual Studio Solution File, Format Version 12.00
# Visual Studio 15
VisualStudioVersion = 15.0.28307.421
MinimumVisualStudioVersion = 10.0.40219.1
Project("{FAE04EC0-301F-11D3-BF4B-00C04F79EFBC}") = "deathreconstruction", "deathreconstruction\deathreconstruction.csproj", "{F6D373E2-A802-4630-90D5-214AF535E9F3}"
EndProject
Project("{2150E333-8FDC-42A3-9474-1A3956D46DE8}") = "Solution Items", "Solution Items", "{CC94E364-28DA-4B49-9083-141CEFD69CA0}"
EndProject
Global
	GlobalSection(SolutionConfigurationPlatforms) = preSolution
		Debug|Any CPU = Debug|Any CPU
		Release|Any CPU = Release|Any CPU
	EndGlobalSection
	GlobalSection(ProjectConfigurationPlatforms) = postSolution
		{F6D373E2-A802-4630-90D5-214AF535E9F3}.Debug|Any CPU.ActiveCfg = Debug|Any CPU
		{F6D373E2-A802-4630-90D5-214AF535E9F3}.Debug|Any CPU.Build.0 = Debug|Any CPU
		{F6D373E2-A802-4630-90D5-214AF535E9F3}.Release|Any CPU.ActiveCfg = Release|Any CPU
		{F6D373E2-A802-4630-90D5-214AF535E9F3}.Release|Any CPU.Build.0 = Release|Any CPU
	EndGlobalSection
	GlobalSection(SolutionProperties) = preSolution
		HideSolutionNode = FALSE
	EndGlobalSection
	GlobalSection(ExtensibilityGlobals) = postSolution
		SolutionGuid = {1B85714B-CD76-4976-B8FC-81559AE617D3}
	EndGlobalSection
EndGlobal
